
Microsoft Visual Studio Solution File, Format Version 12.00
# Visual Studio Version 17
VisualStudioVersion = 17.10.34928.147
MinimumVisualStudioVersion = 10.0.40219.1
Project("{FAE04EC0-301F-11D3-BF4B-00C04F79EFBC}") = "RamenerDesAdhésions", "RamenerDesAdhésions\RamenerDesAdhésions.csproj", "{9976FE8C-DA33-4075-8E6D-CB725128BAFF}"
EndProject
Global
	GlobalSection(SolutionConfigurationPlatforms) = preSolution
		Debug|Any CPU = Debug|Any CPU
		Release|Any CPU = Release|Any CPU
	EndGlobalSection
	GlobalSection(ProjectConfigurationPlatforms) = postSolution
		{9976FE8C-DA33-4075-8E6D-CB725128BAFF}.Debug|Any CPU.ActiveCfg = Debug|Any CPU
		{9976FE8C-DA33-4075-8E6D-CB725128BAFF}.Debug|Any CPU.Build.0 = Debug|Any CPU
		{9976FE8C-DA33-4075-8E6D-CB725128BAFF}.Release|Any CPU.ActiveCfg = Release|Any CPU
		{9976FE8C-DA33-4075-8E6D-CB725128BAFF}.Release|Any CPU.Build.0 = Release|Any CPU
	EndGlobalSection
	GlobalSection(SolutionProperties) = preSolution
		HideSolutionNode = FALSE
	EndGlobalSection
	GlobalSection(ExtensibilityGlobals) = postSolution
		SolutionGuid = {24CC1524-9EA0-4E8C-855A-AD6F03389D40}
	EndGlobalSection
EndGlobal
